
Microsoft Visual Studio Solution File, Format Version 12.00
# Visual Studio Version 17
VisualStudioVersion = 17.6.33927.249
MinimumVisualStudioVersion = 10.0.40219.1
Project("{9A19103F-16F7-4668-BE54-9A1E7A4F7556}") = "Entities", "Entities\Entities.csproj", "{33593359-D250-4BD4-8BA0-17EE92B3250E}"
EndProject
Project("{9A19103F-16F7-4668-BE54-9A1E7A4F7556}") = "DataAccess", "DataAccess\DataAccess.csproj", "{280D60A0-643A-476C-B562-CEE412E28103}"
EndProject
Project("{9A19103F-16F7-4668-BE54-9A1E7A4F7556}") = "Business", "Business\Business.csproj", "{B446C5EF-8DC3-4C17-A8D2-71398875B559}"
EndProject
Project("{9A19103F-16F7-4668-BE54-9A1E7A4F7556}") = "ConsoleUI", "ConsoleUI\ConsoleUI.csproj", "{BD3C8AEE-77D2-44A9-8FA8-A170BDF6E9EF}"
EndProject
Project("{9A19103F-16F7-4668-BE54-9A1E7A4F7556}") = "Core", "Core\Core.csproj", "{78C30F39-15F8-40AC-8371-FC793A184ECD}"
EndProject
Project("{FAE04EC0-301F-11D3-BF4B-00C04F79EFBC}") = "WebAPI", "WebAPI\WebAPI.csproj", "{6BD78AF3-C28D-4F99-8FDC-403670DC7D9D}"
EndProject
Global
	GlobalSection(SolutionConfigurationPlatforms) = preSolution
		Debug|Any CPU = Debug|Any CPU
		Release|Any CPU = Release|Any CPU
	EndGlobalSection
	GlobalSection(ProjectConfigurationPlatforms) = postSolution
		{33593359-D250-4BD4-8BA0-17EE92B3250E}.Debug|Any CPU.ActiveCfg = Debug|Any CPU
		{33593359-D250-4BD4-8BA0-17EE92B3250E}.Debug|Any CPU.Build.0 = Debug|Any CPU
		{33593359-D250-4BD4-8BA0-17EE92B3250E}.Release|Any CPU.ActiveCfg = Release|Any CPU
		{33593359-D250-4BD4-8BA0-17EE92B3250E}.Release|Any CPU.Build.0 = Release|Any CPU
		{280D60A0-643A-476C-B562-CEE412E28103}.Debug|Any CPU.ActiveCfg = Debug|Any CPU
		{280D60A0-643A-476C-B562-CEE412E28103}.Debug|Any CPU.Build.0 = Debug|Any CPU
		{280D60A0-643A-476C-B562-CEE412E28103}.Release|Any CPU.ActiveCfg = Release|Any CPU
		{280D60A0-643A-476C-B562-CEE412E28103}.Release|Any CPU.Build.0 = Release|Any CPU
		{B446C5EF-8DC3-4C17-A8D2-71398875B559}.Debug|Any CPU.ActiveCfg = Debug|Any CPU
		{B446C5EF-8DC3-4C17-A8D2-71398875B559}.Debug|Any CPU.Build.0 = Debug|Any CPU
		{B446C5EF-8DC3-4C17-A8D2-71398875B559}.Release|Any CPU.ActiveCfg = Release|Any CPU
		{B446C5EF-8DC3-4C17-A8D2-71398875B559}.Release|Any CPU.Build.0 = Release|Any CPU
		{BD3C8AEE-77D2-44A9-8FA8-A170BDF6E9EF}.Debug|Any CPU.ActiveCfg = Debug|Any CPU
		{BD3C8AEE-77D2-44A9-8FA8-A170BDF6E9EF}.Debug|Any CPU.Build.0 = Debug|Any CPU
		{BD3C8AEE-77D2-44A9-8FA8-A170BDF6E9EF}.Release|Any CPU.ActiveCfg = Release|Any CPU
		{BD3C8AEE-77D2-44A9-8FA8-A170BDF6E9EF}.Release|Any CPU.Build.0 = Release|Any CPU
		{78C30F39-15F8-40AC-8371-FC793A184ECD}.Debug|Any CPU.ActiveCfg = Debug|Any CPU
		{78C30F39-15F8-40AC-8371-FC793A184ECD}.Debug|Any CPU.Build.0 = Debug|Any CPU
		{78C30F39-15F8-40AC-8371-FC793A184ECD}.Release|Any CPU.ActiveCfg = Release|Any CPU
		{78C30F39-15F8-40AC-8371-FC793A184ECD}.Release|Any CPU.Build.0 = Release|Any CPU
		{6BD78AF3-C28D-4F99-8FDC-403670DC7D9D}.Debug|Any CPU.ActiveCfg = Debug|Any CPU
		{6BD78AF3-C28D-4F99-8FDC-403670DC7D9D}.Debug|Any CPU.Build.0 = Debug|Any CPU
		{6BD78AF3-C28D-4F99-8FDC-403670DC7D9D}.Release|Any CPU.ActiveCfg = Release|Any CPU
		{6BD78AF3-C28D-4F99-8FDC-403670DC7D9D}.Release|Any CPU.Build.0 = Release|Any CPU
	EndGlobalSection
	GlobalSection(SolutionProperties) = preSolution
		HideSolutionNode = FALSE
	EndGlobalSection
	GlobalSection(ExtensibilityGlobals) = postSolution
		SolutionGuid = {6FCDF602-3D54-4047-8713-E7653BEB7EBF}
	EndGlobalSection
EndGlobal
